
Microsoft Visual Studio Solution File, Format Version 12.00
# Visual Studio Version 17
Project("{8BC9CEB8-8B4A-11D0-8D11-00A0C91BC942}") = "calliope", "calliope\calliope.vcxproj", "{4E97C407-3A64-1F13-637D-0DBB4FA954A1}"
EndProject
Project("{8BC9CEB8-8B4A-11D0-8D11-00A0C91BC942}") = "sandbox", "sandbox\sandbox.vcxproj", "{145A6C82-8039-EB1D-8951-76F4F5AF517F}"
EndProject
Global
	GlobalSection(SolutionConfigurationPlatforms) = preSolution
		Debug|x64 = Debug|x64
		Release|x64 = Release|x64
		Test|x64 = Test|x64
	EndGlobalSection
	GlobalSection(ProjectConfigurationPlatforms) = postSolution
		{4E97C407-3A64-1F13-637D-0DBB4FA954A1}.Debug|x64.ActiveCfg = Debug|x64
		{4E97C407-3A64-1F13-637D-0DBB4FA954A1}.Debug|x64.Build.0 = Debug|x64
		{4E97C407-3A64-1F13-637D-0DBB4FA954A1}.Release|x64.ActiveCfg = Release|x64
		{4E97C407-3A64-1F13-637D-0DBB4FA954A1}.Release|x64.Build.0 = Release|x64
		{4E97C407-3A64-1F13-637D-0DBB4FA954A1}.Test|x64.ActiveCfg = Test|x64
		{4E97C407-3A64-1F13-637D-0DBB4FA954A1}.Test|x64.Build.0 = Test|x64
		{145A6C82-8039-EB1D-8951-76F4F5AF517F}.Debug|x64.ActiveCfg = Debug|x64
		{145A6C82-8039-EB1D-8951-76F4F5AF517F}.Debug|x64.Build.0 = Debug|x64
		{145A6C82-8039-EB1D-8951-76F4F5AF517F}.Release|x64.ActiveCfg = Release|x64
		{145A6C82-8039-EB1D-8951-76F4F5AF517F}.Release|x64.Build.0 = Release|x64
		{145A6C82-8039-EB1D-8951-76F4F5AF517F}.Test|x64.ActiveCfg = Test|x64
		{145A6C82-8039-EB1D-8951-76F4F5AF517F}.Test|x64.Build.0 = Test|x64
	EndGlobalSection
	GlobalSection(SolutionProperties) = preSolution
		HideSolutionNode = FALSE
	EndGlobalSection
EndGlobal
