<?xml version="1.0" encoding="utf-8"?>
<Project ToolsVersion="4.0" xmlns="http://schemas.microsoft.com/developer/msbuild/2003">
  <ItemGroup>
    <Filter Include="calliope">
      <UniqueIdentifier>{4E97C407-3A64-1F13-637D-0DBB4FA954A1}</UniqueIdentifier>
    </Filter>
    <Filter Include="calliope\utility">
      <UniqueIdentifier>{B15B0915-9D54-2867-C686-0DECB2DE0773}</UniqueIdentifier>
    </Filter>
  </ItemGroup>
  <ItemGroup>
    <ClInclude Include="src\calliope.hpp" />
    <ClInclude Include="src\calliope\application.hpp">
      <Filter>calliope</Filter>
    </ClInclude>
    <ClInclude Include="src\calliope\core.hpp">
      <Filter>calliope</Filter>
    </ClInclude>
    <ClInclude Include="src\calliope\entry_point.hpp">
      <Filter>calliope</Filter>
    </ClInclude>
    <ClInclude Include="src\calliope\logger.hpp">
      <Filter>calliope</Filter>
    </ClInclude>
    <ClInclude Include="src\calliope\utility\ansi_console_logger.hpp">
      <Filter>calliope\utility</Filter>
    </ClInclude>
  </ItemGroup>
  <ItemGroup>
    <ClCompile Include="src\calliope\application.cpp">
      <Filter>calliope</Filter>
    </ClCompile>
    <ClCompile Include="src\calliope\utility\ansi_console_logger.cpp">
      <Filter>calliope\utility</Filter>
    </ClCompile>
  </ItemGroup>
</Project>